
Microsoft Visual Studio Solution File, Format Version 12.00
# Visual Studio Version 16
VisualStudioVersion = 16.0.30907.101
MinimumVisualStudioVersion = 10.0.40219.1
Project("{FAE04EC0-301F-11D3-BF4B-00C04F79EFBC}") = "EjercicioParcial1", "EjercicioParcial1\EjercicioParcial1.csproj", "{003A89E7-1A70-4F68-994F-777B9042C6B5}"
EndProject
Global
	GlobalSection(SolutionConfigurationPlatforms) = preSolution
		Debug|Any CPU = Debug|Any CPU
		Release|Any CPU = Release|Any CPU
	EndGlobalSection
	GlobalSection(ProjectConfigurationPlatforms) = postSolution
		{003A89E7-1A70-4F68-994F-777B9042C6B5}.Debug|Any CPU.ActiveCfg = Debug|Any CPU
		{003A89E7-1A70-4F68-994F-777B9042C6B5}.Debug|Any CPU.Build.0 = Debug|Any CPU
		{003A89E7-1A70-4F68-994F-777B9042C6B5}.Release|Any CPU.ActiveCfg = Release|Any CPU
		{003A89E7-1A70-4F68-994F-777B9042C6B5}.Release|Any CPU.Build.0 = Release|Any CPU
	EndGlobalSection
	GlobalSection(SolutionProperties) = preSolution
		HideSolutionNode = FALSE
	EndGlobalSection
	GlobalSection(ExtensibilityGlobals) = postSolution
		SolutionGuid = {2ABFC87C-2433-4B14-A9E8-572F0DF34F0F}
	EndGlobalSection
EndGlobal
